
Microsoft Visual Studio Solution File, Format Version 12.00
# Visual Studio 15
Project("{FAE04EC0-301F-11D3-BF4B-00C04F79EFBC}") = "Assembly-CSharp", "Assembly-CSharp.csproj", "{ADAEDC03-2AEF-8B83-EE80-037886335162}"
EndProject
Project("{FAE04EC0-301F-11D3-BF4B-00C04F79EFBC}") = "Assembly-CSharp-firstpass", "Assembly-CSharp-firstpass.csproj", "{18F50568-E726-9A1E-F660-3E10EDBF1141}"
EndProject
Project("{FAE04EC0-301F-11D3-BF4B-00C04F79EFBC}") = "Assembly-CSharp-Editor-firstpass", "Assembly-CSharp-Editor-firstpass.csproj", "{B6C03078-70BF-3540-2E9B-D62A38592343}"
EndProject
Global
	GlobalSection(SolutionConfigurationPlatforms) = preSolution
		Debug|Any CPU = Debug|Any CPU
		Release|Any CPU = Release|Any CPU
	EndGlobalSection
	GlobalSection(ProjectConfigurationPlatforms) = postSolution
		{ADAEDC03-2AEF-8B83-EE80-037886335162}.Debug|Any CPU.ActiveCfg = Debug|Any CPU
		{ADAEDC03-2AEF-8B83-EE80-037886335162}.Debug|Any CPU.Build.0 = Debug|Any CPU
		{ADAEDC03-2AEF-8B83-EE80-037886335162}.Release|Any CPU.ActiveCfg = Release|Any CPU
		{ADAEDC03-2AEF-8B83-EE80-037886335162}.Release|Any CPU.Build.0 = Release|Any CPU
		{18F50568-E726-9A1E-F660-3E10EDBF1141}.Debug|Any CPU.ActiveCfg = Debug|Any CPU
		{18F50568-E726-9A1E-F660-3E10EDBF1141}.Debug|Any CPU.Build.0 = Debug|Any CPU
		{18F50568-E726-9A1E-F660-3E10EDBF1141}.Release|Any CPU.ActiveCfg = Release|Any CPU
		{18F50568-E726-9A1E-F660-3E10EDBF1141}.Release|Any CPU.Build.0 = Release|Any CPU
		{B6C03078-70BF-3540-2E9B-D62A38592343}.Debug|Any CPU.ActiveCfg = Debug|Any CPU
		{B6C03078-70BF-3540-2E9B-D62A38592343}.Debug|Any CPU.Build.0 = Debug|Any CPU
		{B6C03078-70BF-3540-2E9B-D62A38592343}.Release|Any CPU.ActiveCfg = Release|Any CPU
		{B6C03078-70BF-3540-2E9B-D62A38592343}.Release|Any CPU.Build.0 = Release|Any CPU
	EndGlobalSection
	GlobalSection(SolutionProperties) = preSolution
		HideSolutionNode = FALSE
	EndGlobalSection
EndGlobal
